
Microsoft Visual Studio Solution File, Format Version 12.00
# Visual Studio Version 17
VisualStudioVersion = 17.13.35828.75 d17.13
MinimumVisualStudioVersion = 10.0.40219.1
Project("{FAE04EC0-301F-11D3-BF4B-00C04F79EFBC}") = "Lab_13_Homework", "Lab_13_Homework.csproj", "{48C9F202-3D98-46C9-B771-85493C109422}"
EndProject
Global
	GlobalSection(SolutionConfigurationPlatforms) = preSolution
		Debug|Any CPU = Debug|Any CPU
		Release|Any CPU = Release|Any CPU
	EndGlobalSection
	GlobalSection(ProjectConfigurationPlatforms) = postSolution
		{48C9F202-3D98-46C9-B771-85493C109422}.Debug|Any CPU.ActiveCfg = Debug|Any CPU
		{48C9F202-3D98-46C9-B771-85493C109422}.Debug|Any CPU.Build.0 = Debug|Any CPU
		{48C9F202-3D98-46C9-B771-85493C109422}.Release|Any CPU.ActiveCfg = Release|Any CPU
		{48C9F202-3D98-46C9-B771-85493C109422}.Release|Any CPU.Build.0 = Release|Any CPU
	EndGlobalSection
	GlobalSection(SolutionProperties) = preSolution
		HideSolutionNode = FALSE
	EndGlobalSection
	GlobalSection(ExtensibilityGlobals) = postSolution
		SolutionGuid = {0D578E6D-16BB-4E4D-BA5B-F7CC27DCD706}
	EndGlobalSection
EndGlobal
